
Microsoft Visual Studio Solution File, Format Version 12.00
# Visual Studio Version 16
VisualStudioVersion = 16.0.30523.141
MinimumVisualStudioVersion = 10.0.40219.1
Project("{FAE04EC0-301F-11D3-BF4B-00C04F79EFBC}") = "Diplom", "Diplom\Diplom.csproj", "{93383497-953F-4013-B7D8-777D80687D8B}"
EndProject
Project("{FAE04EC0-301F-11D3-BF4B-00C04F79EFBC}") = "StoreLib", "StoreLib\StoreLib.csproj", "{88BBF1BE-63B0-4F30-96A5-4E71DEA4F4D1}"
EndProject
Global
	GlobalSection(SolutionConfigurationPlatforms) = preSolution
		Debug|Any CPU = Debug|Any CPU
		Release|Any CPU = Release|Any CPU
	EndGlobalSection
	GlobalSection(ProjectConfigurationPlatforms) = postSolution
		{93383497-953F-4013-B7D8-777D80687D8B}.Debug|Any CPU.ActiveCfg = Debug|Any CPU
		{93383497-953F-4013-B7D8-777D80687D8B}.Debug|Any CPU.Build.0 = Debug|Any CPU
		{93383497-953F-4013-B7D8-777D80687D8B}.Release|Any CPU.ActiveCfg = Release|Any CPU
		{93383497-953F-4013-B7D8-777D80687D8B}.Release|Any CPU.Build.0 = Release|Any CPU
		{88BBF1BE-63B0-4F30-96A5-4E71DEA4F4D1}.Debug|Any CPU.ActiveCfg = Debug|Any CPU
		{88BBF1BE-63B0-4F30-96A5-4E71DEA4F4D1}.Debug|Any CPU.Build.0 = Debug|Any CPU
		{88BBF1BE-63B0-4F30-96A5-4E71DEA4F4D1}.Release|Any CPU.ActiveCfg = Release|Any CPU
		{88BBF1BE-63B0-4F30-96A5-4E71DEA4F4D1}.Release|Any CPU.Build.0 = Release|Any CPU
	EndGlobalSection
	GlobalSection(SolutionProperties) = preSolution
		HideSolutionNode = FALSE
	EndGlobalSection
	GlobalSection(ExtensibilityGlobals) = postSolution
		SolutionGuid = {6F777B4A-EC0E-4F8B-B87E-3D55E890E881}
	EndGlobalSection
EndGlobal
